version = 1
revision = 3
requires-python = ">=3.14"

[[package]]
name = "css-skeleton"
version = "0.1.0"
source = { virtual = "." }
dependencies = [
    { name = "tinycss2" },
]

[package.metadata]
requires-dist = [{ name = "tinycss2", specifier = ">=1.5.1" }]

[[package]]
name = "tinycss2"
version = "1.5.1"
source = { registry = "https://pypi.org/simple" }
dependencies = [
    { name = "webencodings" },
]
sdist = { url = "https://files.pythonhosted.org/packages/a3/ae/2ca4913e5c0f09781d75482874c3a95db9105462a92ddd303c7d285d3df2/tinycss2-1.5.1.tar.gz", hash = "sha256:d339d2b616ba90ccce58da8495a78f46e55d4d25f9fd71dfd526f07e7d53f957", size = 88195, upload-time = "2025-11-23T10:29:10.082Z" }
wheels = [
    { url = "https://files.pythonhosted.org/packages/60/45/c7b5c3168458db837e8ceab06dc77824e18202679d0463f0e8f002143a97/tinycss2-1.5.1-py3-none-any.whl", hash = "sha256:3415ba0f5839c062696996998176c4a3751d18b7edaaeeb658c9ce21ec150661", size = 28404, upload-time = "2025-11-23T10:29:08.676Z" },
]

[[package]]
name = "webencodings"
version = "0.6.1"
source = { registry = "https://pypi.org/simple" }
sdist = { url = "https://files.pythonhosted.org/packages/d5/a0/8fd707bcb776a7be556bad06a2ea5fb9bd519df78ef8e26f70ccf0f38bff/webencodings-0.6.1.tar.gz", hash = "sha256:565f9ad031c702dae404e27a099e3e09186a3ab1b9520f06d215502b651fd910", size = 15001, upload-time = "2026-08-15T14:22:57.549Z" }
wheels = [
    { url = "https://files.pythonhosted.org/packages/77/c6/040cbc72480d789a5f40d63fb484d3106554c4dfa2d2b70ad5022057750f/webencodings-0.6.1-py3-none-any.whl", hash = "sha256:7fab6269c8bf237c657876b52058ccb182e861518d1c695c1a9aaa8c1c105d5b", size = 8745, upload-time = "2026-08-15T14:22:56.31Z" },
]
